<?xml version="1.0" encoding="utf-8"?>
<Project ToolsVersion="4.0" xmlns="http://schemas.microsoft.com/developer/msbuild/2003">
  <ItemGroup>
    <Filter Include="Shaders">
      <UniqueIdentifier>{9f64f4ff-d9e0-43d7-88e1-13e6d3656a89}</UniqueIdentifier>
      <Extensions>hlsl;hlsli</Extensions>
    </Filter>
    <Filter Include="Headers">
      <UniqueIdentifier>{93995380-89BD-4b04-88EB-625FBE52EBFB}</UniqueIdentifier>
      <Extensions>h;hh;hpp;hxx;hm;inl;inc;xsd</Extensions>
    </Filter>
    <Filter Include="Resources">
      <UniqueIdentifier>{67DA6AB6-F800-4c08-8B7A-83BB121AAD01}</UniqueIdentifier>
      <Extensions>rc;ico;cur;bmp;dlg;rc2;rct;bin;rgs;gif;jpg;jpeg;jpe;resx;tiff;tif;png;wav;mfcribbon-ms</Extensions>
    </Filter>
    <Filter Include="Sources">
      <UniqueIdentifier>{4FC737F1-C7A5-4376-A066-2A32D752A2FF}</UniqueIdentifier>
      <Extensions>cpp;c;cc;cxx;def;odl;idl;hpj;bat;asm;asmx</Extensions>
    </Filter>
  </ItemGroup>
  <ItemGroup>
    <ClCompile Include="framework.cpp">
      <Filter>Sources</Filter>
    </ClCompile>
    <ClCompile Include="main.cpp">
      <Filter>Sources</Filter>
    </ClCompile>
    <ClCompile Include="mock.cpp">
      <Filter>Sources</Filter>
    </ClCompile>
    <ClCompile Include="shader.cpp">
      <Filter>Sources</Filter>
    </ClCompile>
    <ClCompile Include="sprite.cpp">
      <Filter>Sources</Filter>
    </ClCompile>
    <ClCompile Include="texture.cpp">
      <Filter>Sources</Filter>
    </ClCompile>
    <ClCompile Include="geometric_primitive.cpp">
      <Filter>Sources</Filter>
    </ClCompile>
    <ClCompile Include="static_mesh.cpp">
      <Filter>Sources</Filter>
    </ClCompile>
    <ClCompile Include="skinned_mesh.cpp">
      <Filter>Sources</Filter>
    </ClCompile>
    <ClCompile Include="input.cpp">
      <Filter>Sources</Filter>
    </ClCompile>
    <ClCompile Include="camera.cpp">
      <Filter>Sources</Filter>
    </ClCompile>
    <ClCompile Include="collision.cpp">
      <Filter>Sources</Filter>
    </ClCompile>
    <ClCompile Include="enemy.cpp">
      <Filter>Sources</Filter>
    </ClCompile>
    <ClCompile Include="game.cpp">
      <Filter>Sources</Filter>
    </ClCompile>
    <ClCompile Include="my_mesh.cpp">
      <Filter>Sources</Filter>
    </ClCompile>
    <ClCompile Include="particle.cpp">
      <Filter>Sources</Filter>
    </ClCompile>
    <ClCompile Include="player.cpp">
      <Filter>Sources</Filter>
    </ClCompile>
    <ClCompile Include="resource_manager.cpp">
      <Filter>Sources</Filter>
    </ClCompile>
    <ClCompile Include="shot.cpp">
      <Filter>Sources</Filter>
    </ClCompile>
    <ClCompile Include="wave.cpp">
      <Filter>Sources</Filter>
    </ClCompile>
    <ClCompile Include="wave_data.cpp">
      <Filter>Sources</Filter>
    </ClCompile>
    <ClCompile Include="blender.cpp">
      <Filter>Sources</Filter>
    </ClCompile>
  </ItemGroup>
  <ItemGroup>
    <ClInclude Include="framework.h">
      <Filter>Headers</Filter>
    </ClInclude>
    <ClInclude Include="high_resolution_timer.h">
      <Filter>Headers</Filter>
    </ClInclude>
    <ClInclude Include="sprite.h">
      <Filter>Headers</Filter>
    </ClInclude>
    <ClInclude Include="misc.h">
      <Filter>Headers</Filter>
    </ClInclude>
    <ClInclude Include="shader.h">
      <Filter>Headers</Filter>
    </ClInclude>
    <ClInclude Include="texture.h">
      <Filter>Headers</Filter>
    </ClInclude>
    <ClInclude Include="blender.h">
      <Filter>Headers</Filter>
    </ClInclude>
    <ClInclude Include="geometric_primitive.h">
      <Filter>Headers</Filter>
    </ClInclude>
    <ClInclude Include="static_mesh.h">
      <Filter>Headers</Filter>
    </ClInclude>
    <ClInclude Include="skinned_mesh.h">
      <Filter>Headers</Filter>
    </ClInclude>
    <ClInclude Include="input.h">
      <Filter>Headers</Filter>
    </ClInclude>
    <ClInclude Include="camera.h">
      <Filter>Headers</Filter>
    </ClInclude>
    <ClInclude Include="collision.h">
      <Filter>Headers</Filter>
    </ClInclude>
    <ClInclude Include="enemy.h">
      <Filter>Headers</Filter>
    </ClInclude>
    <ClInclude Include="game.h">
      <Filter>Headers</Filter>
    </ClInclude>
    <ClInclude Include="my_mesh.h">
      <Filter>Headers</Filter>
    </ClInclude>
    <ClInclude Include="particle.h">
      <Filter>Headers</Filter>
    </ClInclude>
    <ClInclude Include="player.h">
      <Filter>Headers</Filter>
    </ClInclude>
    <ClInclude Include="resource_manager.h">
      <Filter>Headers</Filter>
    </ClInclude>
    <ClInclude Include="shot.h">
      <Filter>Headers</Filter>
    </ClInclude>
    <ClInclude Include="Util.h">
      <Filter>Headers</Filter>
    </ClInclude>
    <ClInclude Include="wave.h">
      <Filter>Headers</Filter>
    </ClInclude>
  </ItemGroup>
  <ItemGroup>
    <FxCompile Include="sprite_ps.hlsl">
      <Filter>Shaders</Filter>
    </FxCompile>
    <FxCompile Include="sprite_vs.hlsl">
      <Filter>Shaders</Filter>
    </FxCompile>
    <FxCompile Include="geometric_primitive_vs.hlsl">
      <Filter>Shaders</Filter>
    </FxCompile>
    <FxCompile Include="geometric_primitive_ps.hlsl">
      <Filter>Shaders</Filter>
    </FxCompile>
    <FxCompile Include="static_mesh_vs.hlsl">
      <Filter>Shaders</Filter>
    </FxCompile>
    <FxCompile Include="static_mesh_ps.hlsl">
      <Filter>Shaders</Filter>
    </FxCompile>
    <FxCompile Include="skinned_mesh_ps.hlsl">
      <Filter>Shaders</Filter>
    </FxCompile>
    <FxCompile Include="skinned_mesh_vs.hlsl">
      <Filter>Shaders</Filter>
    </FxCompile>
  </ItemGroup>
  <ItemGroup>
    <None Include="sprite.hlsli">
      <Filter>Shaders</Filter>
    </None>
    <None Include="geometric_primitive.hlsli">
      <Filter>Shaders</Filter>
    </None>
    <None Include="static_mesh.hlsli">
      <Filter>Shaders</Filter>
    </None>
    <None Include="skinned_mesh.hlsli">
      <Filter>Shaders</Filter>
    </None>
  </ItemGroup>
</Project>